
Microsoft Visual Studio Solution File, Format Version 12.00
# Visual Studio Version 17
VisualStudioVersion = 17.4.33103.184
MinimumVisualStudioVersion = 10.0.40219.1
Project("{2150E333-8FDC-42A3-9474-1A3956D46DE8}") = "Infrastructure", "Infrastructure", "{CC45B695-D510-4E1B-9110-65CADC1FF72B}"
EndProject
Project("{9A19103F-16F7-4668-BE54-9A1E7A4F7556}") = "GMB.Topup.Gw.Domain", "GMB.Topup.Gw.Domain\GMB.Topup.Gw.Domain.csproj", "{6F09FA2A-5F6F-40A1-B71E-506C3DC4007C}"
EndProject
Project("{9A19103F-16F7-4668-BE54-9A1E7A4F7556}") = "GMB.Topup.Gw.Hosting", "GMB.Topup.Gw.Hosting\GMB.Topup.Gw.Hosting.csproj", "{75E39E05-7C80-440E-9CEF-180EB718A287}"
EndProject
Project("{9A19103F-16F7-4668-BE54-9A1E7A4F7556}") = "GMB.Topup.Gw.Interface", "GMB.Topup.Gw.Interface\GMB.Topup.Gw.Interface.csproj", "{D606582C-A938-44E7-8FD9-2C444B18D62E}"
EndProject
Project("{9A19103F-16F7-4668-BE54-9A1E7A4F7556}") = "GMB.Topup.Gw.Model", "GMB.Topup.Gw.Model\GMB.Topup.Gw.Model.csproj", "{9E911AEA-4A19-4BF7-9DCB-B754C69C9FB7}"
EndProject
Project("{9A19103F-16F7-4668-BE54-9A1E7A4F7556}") = "GMB.Topup.Shared", "GMB.Topup.Shared\GMB.Topup.Shared.csproj", "{694E4292-D815-4D3E-9067-07A757A01546}"
EndProject
Project("{9A19103F-16F7-4668-BE54-9A1E7A4F7556}") = "GMB.Topup.Backend.Interface", "GMB.Topup.Backend.Interface\GMB.Topup.Backend.Interface.csproj", "{C0FBDDCE-43C8-4683-9000-E0814EC42C68}"
EndProject
Project("{9A19103F-16F7-4668-BE54-9A1E7A4F7556}") = "GMB.Topup.Backend.Hosting", "GMB.Topup.Backend.Hosting\GMB.Topup.Backend.Hosting.csproj", "{FEBE70DD-C214-4CA7-B98D-46839682CE31}"
EndProject
Project("{2150E333-8FDC-42A3-9474-1A3956D46DE8}") = "Core", "Core", "{59AB7CDD-12A8-47B7-BF9F-0D8715524E8D}"
EndProject
Project("{9A19103F-16F7-4668-BE54-9A1E7A4F7556}") = "GMB.Topup.Balance.Domain", "GMB.Topup.Balance.Domain\GMB.Topup.Balance.Domain.csproj", "{3E477152-A273-412B-A3EF-09D9B43B27DA}"
EndProject
Project("{9A19103F-16F7-4668-BE54-9A1E7A4F7556}") = "GMB.Topup.Balance.Models", "GMB.Topup.Balance.Models\GMB.Topup.Balance.Models.csproj", "{4927D9EC-2745-47FA-AD71-F5C998B5BF65}"
EndProject
Project("{9A19103F-16F7-4668-BE54-9A1E7A4F7556}") = "GMB.Topup.Balance.Components", "GMB.Topup.Balance.Components\GMB.Topup.Balance.Components.csproj", "{988838E4-963E-4A94-8D0C-245A84C3D992}"
EndProject
Project("{9A19103F-16F7-4668-BE54-9A1E7A4F7556}") = "GMB.Topup.Balance.Hosting", "GMB.Topup.Balance.Hosting\GMB.Topup.Balance.Hosting.csproj", "{B517C648-15A5-4754-BB98-75A105194782}"
EndProject
Project("{9A19103F-16F7-4668-BE54-9A1E7A4F7556}") = "GMB.Topup.Stock.Hosting", "GMB.Topup.Stock.Hosting\GMB.Topup.Stock.Hosting.csproj", "{3F86B4A2-622C-4F1D-B747-2720EB59784E}"
EndProject
Project("{9A19103F-16F7-4668-BE54-9A1E7A4F7556}") = "GMB.Topup.Stock.Components", "GMB.Topup.Stock.Components\GMB.Topup.Stock.Components.csproj", "{73DBAC43-A82F-48B8-A969-DE65EA10A44E}"
EndProject
Project("{9A19103F-16F7-4668-BE54-9A1E7A4F7556}") = "GMB.Topup.Stock.Contracts", "GMB.Topup.Stock.Contracts\GMB.Topup.Stock.Contracts.csproj", "{CA6AF451-529E-4CEF-8A28-AB49B146EE9A}"
EndProject
Project("{9A19103F-16F7-4668-BE54-9A1E7A4F7556}") = "GMB.Topup.Stock.Domains", "GMB.Topup.Stock.Domains\GMB.Topup.Stock.Domains.csproj", "{725E4644-7E49-495E-8752-E02E91812C1F}"
EndProject
Project("{9A19103F-16F7-4668-BE54-9A1E7A4F7556}") = "GMB.Topup.Report.Hosting", "GMB.Topup.Report.Hosting\GMB.Topup.Report.Hosting.csproj", "{6FFAB0B9-EF25-4455-ACF6-58D9F4ADF561}"
EndProject
Project("{9A19103F-16F7-4668-BE54-9A1E7A4F7556}") = "GMB.Topup.Report.Domain", "GMB.Topup.Report.Domain\GMB.Topup.Report.Domain.csproj", "{966A0FDE-2365-45F9-96A4-3D80AC93CC7D}"
EndProject
Project("{9A19103F-16F7-4668-BE54-9A1E7A4F7556}") = "GMB.Topup.Report.Model", "GMB.Topup.Report.Model\GMB.Topup.Report.Model.csproj", "{330D7EC4-1456-461C-A018-34227EAE0083}"
EndProject
Project("{9A19103F-16F7-4668-BE54-9A1E7A4F7556}") = "GMB.Topup.Report.Interface", "GMB.Topup.Report.Interface\GMB.Topup.Report.Interface.csproj", "{175F472C-9E6C-417E-B2E6-1F6E67D18F09}"
EndProject
Project("{9A19103F-16F7-4668-BE54-9A1E7A4F7556}") = "Infrastructure", "Infrastructure\Infrastructure.csproj", "{386BADE5-02DF-466C-B647-ED1381B56371}"
EndProject
Project("{2150E333-8FDC-42A3-9474-1A3956D46DE8}") = "UnitTest", "UnitTest", "{FD355389-C212-4F90-B8C8-9181584F84C4}"
EndProject
Project("{9A19103F-16F7-4668-BE54-9A1E7A4F7556}") = "GMB.Topup.UnitTest", "GMB.Topup.UnitTest\GMB.Topup.UnitTest.csproj", "{C9B447D0-CCD5-4C6A-A71B-0953A87679E8}"
EndProject
Project("{9A19103F-16F7-4668-BE54-9A1E7A4F7556}") = "GMB.Topup.TestBase", "GMB.Topup.TestBase\GMB.Topup.TestBase.csproj", "{594CC00D-2DE0-48A8-ACFC-AE42299917D7}"
EndProject
Project("{9A19103F-16F7-4668-BE54-9A1E7A4F7556}") = "GMB.Topup.AutomationTest", "GMB.Topup.AutomationTest\GMB.Topup.AutomationTest.csproj", "{A2BC0D52-4F19-497C-87CE-F7564BCC58C5}"
EndProject
Project("{2150E333-8FDC-42A3-9474-1A3956D46DE8}") = "Backend", "Backend", "{55EBF26B-936F-4600-9906-F14BE6B69758}"
EndProject
Project("{2150E333-8FDC-42A3-9474-1A3956D46DE8}") = "Balance", "Balance", "{03CC0427-0558-4699-90AB-3999C968D130}"
EndProject
Project("{2150E333-8FDC-42A3-9474-1A3956D46DE8}") = "Stock", "Stock", "{2EDF0074-4143-46C2-983A-A1015DE29A7B}"
EndProject
Project("{2150E333-8FDC-42A3-9474-1A3956D46DE8}") = "Report", "Report", "{1D386BB2-BA88-4A78-9BCA-D9CBCDA4DCDD}"
EndProject
Project("{2150E333-8FDC-42A3-9474-1A3956D46DE8}") = "Gateway", "Gateway", "{3CAB83EB-DBE6-4C10-8872-728E2D1854F2}"
EndProject
Project("{2150E333-8FDC-42A3-9474-1A3956D46DE8}") = "Worker", "Worker", "{23AF2DC6-FF94-4C19-9C05-0C15A72527F4}"
EndProject
Project("{2150E333-8FDC-42A3-9474-1A3956D46DE8}") = "TopupGw", "TopupGw", "{086945C6-37A0-41CC-988A-87D8532BDD2B}"
EndProject
Project("{9A19103F-16F7-4668-BE54-9A1E7A4F7556}") = "GMB.Topup.TopupGw.Contacts", "GMB.Topup.TopupGw.Contacts\GMB.Topup.TopupGw.Contacts.csproj", "{1FEAD0D2-F2EA-4383-A04A-4EBC6CED17B2}"
EndProject
Project("{9A19103F-16F7-4668-BE54-9A1E7A4F7556}") = "GMB.Topup.TopupGw.Domains", "GMB.Topup.TopupGw.Domains\GMB.Topup.TopupGw.Domains.csproj", "{24FDCB29-000D-4A25-9A6F-7CE9B117E11D}"
EndProject
Project("{9A19103F-16F7-4668-BE54-9A1E7A4F7556}") = "GMB.Topup.TopupGw.Components", "GMB.Topup.TopupGw.Components\GMB.Topup.TopupGw.Components.csproj", "{9BCE1B71-B817-4B2A-9E47-1279777BF71B}"
EndProject
Project("{9A19103F-16F7-4668-BE54-9A1E7A4F7556}") = "GMB.Topup.TopupGw.Hosting", "GMB.Topup.TopupGw.Hosting\GMB.Topup.TopupGw.Hosting.csproj", "{6B069FBA-9F1D-4F36-80B7-DF30CCA3B903}"
EndProject
Project("{2150E333-8FDC-42A3-9474-1A3956D46DE8}") = "Common", "Common", "{A8E0C5F4-809F-4C43-B164-B4FA78FB2A70}"
EndProject
Project("{9A19103F-16F7-4668-BE54-9A1E7A4F7556}") = "GMB.Topup.Common.Domain", "GMB.Topup.Common.Domain\GMB.Topup.Common.Domain.csproj", "{3F43F35D-DD69-4E33-B71F-BB919750BF03}"
EndProject
Project("{9A19103F-16F7-4668-BE54-9A1E7A4F7556}") = "GMB.Topup.Common.Interface", "GMB.Topup.Common.Interface\GMB.Topup.Common.Interface.csproj", "{EF4B2E04-FACD-4D2E-B377-518A5C1DF0FF}"
EndProject
Project("{9A19103F-16F7-4668-BE54-9A1E7A4F7556}") = "GMB.Topup.Common.Model", "GMB.Topup.Common.Model\GMB.Topup.Common.Model.csproj", "{251DE302-FDD4-4D67-A4B9-1F46442B7D7E}"
EndProject
Project("{9A19103F-16F7-4668-BE54-9A1E7A4F7556}") = "GMB.Topup.Common.Hosting", "GMB.Topup.Common.Hosting\GMB.Topup.Common.Hosting.csproj", "{5FF03B88-73BF-469D-A900-EE4037E65AFC}"
EndProject
Project("{9A19103F-16F7-4668-BE54-9A1E7A4F7556}") = "GMB.Topup.Worker.Model", "GMB.Topup.Worker.Model\GMB.Topup.Worker.Model.csproj", "{E3A8775D-B86B-4A65-BC75-5D7C51DA1C92}"
EndProject
Project("{9A19103F-16F7-4668-BE54-9A1E7A4F7556}") = "GMB.Topup.Discovery.Requests", "GMB.Topup.Discovery.Requests\GMB.Topup.Discovery.Requests.csproj", "{A62E8A7C-5F74-4622-88A6-B8C8C64D3856}"
EndProject
Project("{9A19103F-16F7-4668-BE54-9A1E7A4F7556}") = "GMB.Topup.Contracts", "GMB.Topup.Contracts\GMB.Topup.Contracts.csproj", "{200693AE-03DC-4A66-A62F-60F68B7D5982}"
EndProject
Project("{2150E333-8FDC-42A3-9474-1A3956D46DE8}") = "KppData", "KppData", "{8EB5D0F4-295D-4558-A968-36D0C152E120}"
EndProject
Project("{9A19103F-16F7-4668-BE54-9A1E7A4F7556}") = "GMB.Topup.Kpp.Domain", "GMB.Topup.Kpp.Domain\GMB.Topup.Kpp.Domain.csproj", "{7A773A05-1267-4955-9592-26B6A9626368}"
EndProject
Project("{9A19103F-16F7-4668-BE54-9A1E7A4F7556}") = "GMB.Topup.Kpp.Interface", "GMB.Topup.Kpp.Interface\GMB.Topup.Kpp.Interface.csproj", "{343C4762-DCB0-41D5-BC8D-7ED7F3F07335}"
EndProject
Project("{9A19103F-16F7-4668-BE54-9A1E7A4F7556}") = "GMB.Topup.Kpp.Hosting", "GMB.Topup.Kpp.Hosting\GMB.Topup.Kpp.Hosting.csproj", "{ABD59B36-E9D7-42DC-B022-AAD0F586B237}"
EndProject
Project("{2150E333-8FDC-42A3-9474-1A3956D46DE8}") = "Commission", "Commission", "{42D46D95-9C10-40F2-823E-BB0D470D4C40}"
EndProject
Project("{9A19103F-16F7-4668-BE54-9A1E7A4F7556}") = "GMB.Topup.Commission.Model", "GMB.Topup.Commission.Model\GMB.Topup.Commission.Model.csproj", "{8D0185CE-246A-4DDE-B373-659EE3F13559}"
EndProject
Project("{9A19103F-16F7-4668-BE54-9A1E7A4F7556}") = "GMB.Topup.Commission.Domain", "GMB.Topup.Commission.Domain\GMB.Topup.Commission.Domain.csproj", "{83037E40-2B8F-49ED-936D-40959FCB01EF}"
EndProject
Project("{9A19103F-16F7-4668-BE54-9A1E7A4F7556}") = "GMB.Topup.Commission.Hosting", "GMB.Topup.Commission.Hosting\GMB.Topup.Commission.Hosting.csproj", "{306F2B43-EDE2-4E6D-B9A0-DDD088BFB859}"
EndProject
Project("{9A19103F-16F7-4668-BE54-9A1E7A4F7556}") = "GMB.Topup.Commission.Interface", "GMB.Topup.Commission.Interface\GMB.Topup.Commission.Interface.csproj", "{6ECD03B6-4B5D-4E2B-9CC1-D6452A84B6CE}"
EndProject
Project("{9A19103F-16F7-4668-BE54-9A1E7A4F7556}") = "Orleans.Sagas", "Orleans.Sagas\Orleans.Sagas.csproj", "{38FC231F-590F-41BB-9232-266D401199DF}"
EndProject
Project("{9A19103F-16F7-4668-BE54-9A1E7A4F7556}") = "GMB.Topup.Worker.Hosting", "GMB.Topup.Worker.Hosting\GMB.Topup.Worker.Hosting.csproj", "{5B9E3DED-CD73-42DB-9640-FDF7F5C5CC95}"
EndProject
Project("{9A19103F-16F7-4668-BE54-9A1E7A4F7556}") = "GMB.Topup.Worker.Components", "GMB.Topup.Worker.Components\GMB.Topup.Worker.Components.csproj", "{C357EA85-928D-4BAC-9DBF-0F77ADCC4AB2}"
EndProject
Project("{2150E333-8FDC-42A3-9474-1A3956D46DE8}") = "MobileCheck", "MobileCheck", "{980F4AB8-CB89-4832-AF05-4DD12206F228}"
EndProject
Project("{FAE04EC0-301F-11D3-BF4B-00C04F79EFBC}") = "MobileCheck", "MobileCheck\MobileCheck.csproj", "{FA241F18-AFDB-4C73-82F5-076C74149262}"
EndProject
Global
	GlobalSection(SolutionConfigurationPlatforms) = preSolution
		Debug|Any CPU = Debug|Any CPU
		Release|Any CPU = Release|Any CPU
	EndGlobalSection
	GlobalSection(ProjectConfigurationPlatforms) = postSolution
		{6F09FA2A-5F6F-40A1-B71E-506C3DC4007C}.Debug|Any CPU.ActiveCfg = Debug|Any CPU
		{6F09FA2A-5F6F-40A1-B71E-506C3DC4007C}.Debug|Any CPU.Build.0 = Debug|Any CPU
		{6F09FA2A-5F6F-40A1-B71E-506C3DC4007C}.Release|Any CPU.ActiveCfg = Release|Any CPU
		{6F09FA2A-5F6F-40A1-B71E-506C3DC4007C}.Release|Any CPU.Build.0 = Release|Any CPU
		{75E39E05-7C80-440E-9CEF-180EB718A287}.Debug|Any CPU.ActiveCfg = Debug|Any CPU
		{75E39E05-7C80-440E-9CEF-180EB718A287}.Debug|Any CPU.Build.0 = Debug|Any CPU
		{75E39E05-7C80-440E-9CEF-180EB718A287}.Release|Any CPU.ActiveCfg = Release|Any CPU
		{75E39E05-7C80-440E-9CEF-180EB718A287}.Release|Any CPU.Build.0 = Release|Any CPU
		{D606582C-A938-44E7-8FD9-2C444B18D62E}.Debug|Any CPU.ActiveCfg = Debug|Any CPU
		{D606582C-A938-44E7-8FD9-2C444B18D62E}.Debug|Any CPU.Build.0 = Debug|Any CPU
		{D606582C-A938-44E7-8FD9-2C444B18D62E}.Release|Any CPU.ActiveCfg = Release|Any CPU
		{D606582C-A938-44E7-8FD9-2C444B18D62E}.Release|Any CPU.Build.0 = Release|Any CPU
		{9E911AEA-4A19-4BF7-9DCB-B754C69C9FB7}.Debug|Any CPU.ActiveCfg = Debug|Any CPU
		{9E911AEA-4A19-4BF7-9DCB-B754C69C9FB7}.Debug|Any CPU.Build.0 = Debug|Any CPU
		{9E911AEA-4A19-4BF7-9DCB-B754C69C9FB7}.Release|Any CPU.ActiveCfg = Release|Any CPU
		{9E911AEA-4A19-4BF7-9DCB-B754C69C9FB7}.Release|Any CPU.Build.0 = Release|Any CPU
		{694E4292-D815-4D3E-9067-07A757A01546}.Debug|Any CPU.ActiveCfg = Debug|Any CPU
		{694E4292-D815-4D3E-9067-07A757A01546}.Debug|Any CPU.Build.0 = Debug|Any CPU
		{694E4292-D815-4D3E-9067-07A757A01546}.Release|Any CPU.ActiveCfg = Release|Any CPU
		{694E4292-D815-4D3E-9067-07A757A01546}.Release|Any CPU.Build.0 = Release|Any CPU
		{C0FBDDCE-43C8-4683-9000-E0814EC42C68}.Debug|Any CPU.ActiveCfg = Debug|Any CPU
		{C0FBDDCE-43C8-4683-9000-E0814EC42C68}.Debug|Any CPU.Build.0 = Debug|Any CPU
		{C0FBDDCE-43C8-4683-9000-E0814EC42C68}.Release|Any CPU.ActiveCfg = Release|Any CPU
		{C0FBDDCE-43C8-4683-9000-E0814EC42C68}.Release|Any CPU.Build.0 = Release|Any CPU
		{FEBE70DD-C214-4CA7-B98D-46839682CE31}.Debug|Any CPU.ActiveCfg = Debug|Any CPU
		{FEBE70DD-C214-4CA7-B98D-46839682CE31}.Debug|Any CPU.Build.0 = Debug|Any CPU
		{FEBE70DD-C214-4CA7-B98D-46839682CE31}.Release|Any CPU.ActiveCfg = Release|Any CPU
		{FEBE70DD-C214-4CA7-B98D-46839682CE31}.Release|Any CPU.Build.0 = Release|Any CPU
		{3E477152-A273-412B-A3EF-09D9B43B27DA}.Debug|Any CPU.ActiveCfg = Debug|Any CPU
		{3E477152-A273-412B-A3EF-09D9B43B27DA}.Debug|Any CPU.Build.0 = Debug|Any CPU
		{3E477152-A273-412B-A3EF-09D9B43B27DA}.Release|Any CPU.ActiveCfg = Release|Any CPU
		{3E477152-A273-412B-A3EF-09D9B43B27DA}.Release|Any CPU.Build.0 = Release|Any CPU
		{4927D9EC-2745-47FA-AD71-F5C998B5BF65}.Debug|Any CPU.ActiveCfg = Debug|Any CPU
		{4927D9EC-2745-47FA-AD71-F5C998B5BF65}.Debug|Any CPU.Build.0 = Debug|Any CPU
		{4927D9EC-2745-47FA-AD71-F5C998B5BF65}.Release|Any CPU.ActiveCfg = Release|Any CPU
		{4927D9EC-2745-47FA-AD71-F5C998B5BF65}.Release|Any CPU.Build.0 = Release|Any CPU
		{988838E4-963E-4A94-8D0C-245A84C3D992}.Debug|Any CPU.ActiveCfg = Debug|Any CPU
		{988838E4-963E-4A94-8D0C-245A84C3D992}.Debug|Any CPU.Build.0 = Debug|Any CPU
		{988838E4-963E-4A94-8D0C-245A84C3D992}.Release|Any CPU.ActiveCfg = Release|Any CPU
		{988838E4-963E-4A94-8D0C-245A84C3D992}.Release|Any CPU.Build.0 = Release|Any CPU
		{B517C648-15A5-4754-BB98-75A105194782}.Debug|Any CPU.ActiveCfg = Debug|Any CPU
		{B517C648-15A5-4754-BB98-75A105194782}.Debug|Any CPU.Build.0 = Debug|Any CPU
		{B517C648-15A5-4754-BB98-75A105194782}.Release|Any CPU.ActiveCfg = Release|Any CPU
		{B517C648-15A5-4754-BB98-75A105194782}.Release|Any CPU.Build.0 = Release|Any CPU
		{3F86B4A2-622C-4F1D-B747-2720EB59784E}.Debug|Any CPU.ActiveCfg = Debug|Any CPU
		{3F86B4A2-622C-4F1D-B747-2720EB59784E}.Debug|Any CPU.Build.0 = Debug|Any CPU
		{3F86B4A2-622C-4F1D-B747-2720EB59784E}.Release|Any CPU.ActiveCfg = Release|Any CPU
		{3F86B4A2-622C-4F1D-B747-2720EB59784E}.Release|Any CPU.Build.0 = Release|Any CPU
		{73DBAC43-A82F-48B8-A969-DE65EA10A44E}.Debug|Any CPU.ActiveCfg = Debug|Any CPU
		{73DBAC43-A82F-48B8-A969-DE65EA10A44E}.Debug|Any CPU.Build.0 = Debug|Any CPU
		{73DBAC43-A82F-48B8-A969-DE65EA10A44E}.Release|Any CPU.ActiveCfg = Release|Any CPU
		{73DBAC43-A82F-48B8-A969-DE65EA10A44E}.Release|Any CPU.Build.0 = Release|Any CPU
		{CA6AF451-529E-4CEF-8A28-AB49B146EE9A}.Debug|Any CPU.ActiveCfg = Debug|Any CPU
		{CA6AF451-529E-4CEF-8A28-AB49B146EE9A}.Debug|Any CPU.Build.0 = Debug|Any CPU
		{CA6AF451-529E-4CEF-8A28-AB49B146EE9A}.Release|Any CPU.ActiveCfg = Release|Any CPU
		{CA6AF451-529E-4CEF-8A28-AB49B146EE9A}.Release|Any CPU.Build.0 = Release|Any CPU
		{725E4644-7E49-495E-8752-E02E91812C1F}.Debug|Any CPU.ActiveCfg = Debug|Any CPU
		{725E4644-7E49-495E-8752-E02E91812C1F}.Debug|Any CPU.Build.0 = Debug|Any CPU
		{725E4644-7E49-495E-8752-E02E91812C1F}.Release|Any CPU.ActiveCfg = Release|Any CPU
		{725E4644-7E49-495E-8752-E02E91812C1F}.Release|Any CPU.Build.0 = Release|Any CPU
		{6FFAB0B9-EF25-4455-ACF6-58D9F4ADF561}.Debug|Any CPU.ActiveCfg = Debug|Any CPU
		{6FFAB0B9-EF25-4455-ACF6-58D9F4ADF561}.Debug|Any CPU.Build.0 = Debug|Any CPU
		{6FFAB0B9-EF25-4455-ACF6-58D9F4ADF561}.Release|Any CPU.ActiveCfg = Release|Any CPU
		{6FFAB0B9-EF25-4455-ACF6-58D9F4ADF561}.Release|Any CPU.Build.0 = Release|Any CPU
		{966A0FDE-2365-45F9-96A4-3D80AC93CC7D}.Debug|Any CPU.ActiveCfg = Debug|Any CPU
		{966A0FDE-2365-45F9-96A4-3D80AC93CC7D}.Debug|Any CPU.Build.0 = Debug|Any CPU
		{966A0FDE-2365-45F9-96A4-3D80AC93CC7D}.Release|Any CPU.ActiveCfg = Release|Any CPU
		{966A0FDE-2365-45F9-96A4-3D80AC93CC7D}.Release|Any CPU.Build.0 = Release|Any CPU
		{330D7EC4-1456-461C-A018-34227EAE0083}.Debug|Any CPU.ActiveCfg = Debug|Any CPU
		{330D7EC4-1456-461C-A018-34227EAE0083}.Debug|Any CPU.Build.0 = Debug|Any CPU
		{330D7EC4-1456-461C-A018-34227EAE0083}.Release|Any CPU.ActiveCfg = Release|Any CPU
		{330D7EC4-1456-461C-A018-34227EAE0083}.Release|Any CPU.Build.0 = Release|Any CPU
		{175F472C-9E6C-417E-B2E6-1F6E67D18F09}.Debug|Any CPU.ActiveCfg = Debug|Any CPU
		{175F472C-9E6C-417E-B2E6-1F6E67D18F09}.Debug|Any CPU.Build.0 = Debug|Any CPU
		{175F472C-9E6C-417E-B2E6-1F6E67D18F09}.Release|Any CPU.ActiveCfg = Release|Any CPU
		{175F472C-9E6C-417E-B2E6-1F6E67D18F09}.Release|Any CPU.Build.0 = Release|Any CPU
		{386BADE5-02DF-466C-B647-ED1381B56371}.Debug|Any CPU.ActiveCfg = Debug|Any CPU
		{386BADE5-02DF-466C-B647-ED1381B56371}.Debug|Any CPU.Build.0 = Debug|Any CPU
		{386BADE5-02DF-466C-B647-ED1381B56371}.Release|Any CPU.ActiveCfg = Release|Any CPU
		{386BADE5-02DF-466C-B647-ED1381B56371}.Release|Any CPU.Build.0 = Release|Any CPU
		{C9B447D0-CCD5-4C6A-A71B-0953A87679E8}.Debug|Any CPU.ActiveCfg = Debug|Any CPU
		{C9B447D0-CCD5-4C6A-A71B-0953A87679E8}.Debug|Any CPU.Build.0 = Debug|Any CPU
		{C9B447D0-CCD5-4C6A-A71B-0953A87679E8}.Release|Any CPU.ActiveCfg = Release|Any CPU
		{C9B447D0-CCD5-4C6A-A71B-0953A87679E8}.Release|Any CPU.Build.0 = Release|Any CPU
		{594CC00D-2DE0-48A8-ACFC-AE42299917D7}.Debug|Any CPU.ActiveCfg = Debug|Any CPU
		{594CC00D-2DE0-48A8-ACFC-AE42299917D7}.Debug|Any CPU.Build.0 = Debug|Any CPU
		{594CC00D-2DE0-48A8-ACFC-AE42299917D7}.Release|Any CPU.ActiveCfg = Release|Any CPU
		{594CC00D-2DE0-48A8-ACFC-AE42299917D7}.Release|Any CPU.Build.0 = Release|Any CPU
		{A2BC0D52-4F19-497C-87CE-F7564BCC58C5}.Debug|Any CPU.ActiveCfg = Debug|Any CPU
		{A2BC0D52-4F19-497C-87CE-F7564BCC58C5}.Debug|Any CPU.Build.0 = Debug|Any CPU
		{A2BC0D52-4F19-497C-87CE-F7564BCC58C5}.Release|Any CPU.ActiveCfg = Release|Any CPU
		{A2BC0D52-4F19-497C-87CE-F7564BCC58C5}.Release|Any CPU.Build.0 = Release|Any CPU
		{1FEAD0D2-F2EA-4383-A04A-4EBC6CED17B2}.Debug|Any CPU.ActiveCfg = Debug|Any CPU
		{1FEAD0D2-F2EA-4383-A04A-4EBC6CED17B2}.Debug|Any CPU.Build.0 = Debug|Any CPU
		{1FEAD0D2-F2EA-4383-A04A-4EBC6CED17B2}.Release|Any CPU.ActiveCfg = Release|Any CPU
		{1FEAD0D2-F2EA-4383-A04A-4EBC6CED17B2}.Release|Any CPU.Build.0 = Release|Any CPU
		{24FDCB29-000D-4A25-9A6F-7CE9B117E11D}.Debug|Any CPU.ActiveCfg = Debug|Any CPU
		{24FDCB29-000D-4A25-9A6F-7CE9B117E11D}.Debug|Any CPU.Build.0 = Debug|Any CPU
		{24FDCB29-000D-4A25-9A6F-7CE9B117E11D}.Release|Any CPU.ActiveCfg = Release|Any CPU
		{24FDCB29-000D-4A25-9A6F-7CE9B117E11D}.Release|Any CPU.Build.0 = Release|Any CPU
		{9BCE1B71-B817-4B2A-9E47-1279777BF71B}.Debug|Any CPU.ActiveCfg = Debug|Any CPU
		{9BCE1B71-B817-4B2A-9E47-1279777BF71B}.Debug|Any CPU.Build.0 = Debug|Any CPU
		{9BCE1B71-B817-4B2A-9E47-1279777BF71B}.Release|Any CPU.ActiveCfg = Release|Any CPU
		{9BCE1B71-B817-4B2A-9E47-1279777BF71B}.Release|Any CPU.Build.0 = Release|Any CPU
		{6B069FBA-9F1D-4F36-80B7-DF30CCA3B903}.Debug|Any CPU.ActiveCfg = Debug|Any CPU
		{6B069FBA-9F1D-4F36-80B7-DF30CCA3B903}.Debug|Any CPU.Build.0 = Debug|Any CPU
		{6B069FBA-9F1D-4F36-80B7-DF30CCA3B903}.Release|Any CPU.ActiveCfg = Release|Any CPU
		{6B069FBA-9F1D-4F36-80B7-DF30CCA3B903}.Release|Any CPU.Build.0 = Release|Any CPU
		{3F43F35D-DD69-4E33-B71F-BB919750BF03}.Debug|Any CPU.ActiveCfg = Debug|Any CPU
		{3F43F35D-DD69-4E33-B71F-BB919750BF03}.Debug|Any CPU.Build.0 = Debug|Any CPU
		{3F43F35D-DD69-4E33-B71F-BB919750BF03}.Release|Any CPU.ActiveCfg = Release|Any CPU
		{3F43F35D-DD69-4E33-B71F-BB919750BF03}.Release|Any CPU.Build.0 = Release|Any CPU
		{EF4B2E04-FACD-4D2E-B377-518A5C1DF0FF}.Debug|Any CPU.ActiveCfg = Debug|Any CPU
		{EF4B2E04-FACD-4D2E-B377-518A5C1DF0FF}.Debug|Any CPU.Build.0 = Debug|Any CPU
		{EF4B2E04-FACD-4D2E-B377-518A5C1DF0FF}.Release|Any CPU.ActiveCfg = Release|Any CPU
		{EF4B2E04-FACD-4D2E-B377-518A5C1DF0FF}.Release|Any CPU.Build.0 = Release|Any CPU
		{251DE302-FDD4-4D67-A4B9-1F46442B7D7E}.Debug|Any CPU.ActiveCfg = Debug|Any CPU
		{251DE302-FDD4-4D67-A4B9-1F46442B7D7E}.Debug|Any CPU.Build.0 = Debug|Any CPU
		{251DE302-FDD4-4D67-A4B9-1F46442B7D7E}.Release|Any CPU.ActiveCfg = Release|Any CPU
		{251DE302-FDD4-4D67-A4B9-1F46442B7D7E}.Release|Any CPU.Build.0 = Release|Any CPU
		{5FF03B88-73BF-469D-A900-EE4037E65AFC}.Debug|Any CPU.ActiveCfg = Debug|Any CPU
		{5FF03B88-73BF-469D-A900-EE4037E65AFC}.Debug|Any CPU.Build.0 = Debug|Any CPU
		{5FF03B88-73BF-469D-A900-EE4037E65AFC}.Release|Any CPU.ActiveCfg = Release|Any CPU
		{5FF03B88-73BF-469D-A900-EE4037E65AFC}.Release|Any CPU.Build.0 = Release|Any CPU
		{E3A8775D-B86B-4A65-BC75-5D7C51DA1C92}.Debug|Any CPU.ActiveCfg = Debug|Any CPU
		{E3A8775D-B86B-4A65-BC75-5D7C51DA1C92}.Debug|Any CPU.Build.0 = Debug|Any CPU
		{E3A8775D-B86B-4A65-BC75-5D7C51DA1C92}.Release|Any CPU.ActiveCfg = Release|Any CPU
		{E3A8775D-B86B-4A65-BC75-5D7C51DA1C92}.Release|Any CPU.Build.0 = Release|Any CPU
		{A62E8A7C-5F74-4622-88A6-B8C8C64D3856}.Debug|Any CPU.ActiveCfg = Debug|Any CPU
		{A62E8A7C-5F74-4622-88A6-B8C8C64D3856}.Debug|Any CPU.Build.0 = Debug|Any CPU
		{A62E8A7C-5F74-4622-88A6-B8C8C64D3856}.Release|Any CPU.ActiveCfg = Release|Any CPU
		{A62E8A7C-5F74-4622-88A6-B8C8C64D3856}.Release|Any CPU.Build.0 = Release|Any CPU
		{200693AE-03DC-4A66-A62F-60F68B7D5982}.Debug|Any CPU.ActiveCfg = Debug|Any CPU
		{200693AE-03DC-4A66-A62F-60F68B7D5982}.Debug|Any CPU.Build.0 = Debug|Any CPU
		{200693AE-03DC-4A66-A62F-60F68B7D5982}.Release|Any CPU.ActiveCfg = Release|Any CPU
		{200693AE-03DC-4A66-A62F-60F68B7D5982}.Release|Any CPU.Build.0 = Release|Any CPU
		{7A773A05-1267-4955-9592-26B6A9626368}.Debug|Any CPU.ActiveCfg = Debug|Any CPU
		{7A773A05-1267-4955-9592-26B6A9626368}.Debug|Any CPU.Build.0 = Debug|Any CPU
		{7A773A05-1267-4955-9592-26B6A9626368}.Release|Any CPU.ActiveCfg = Release|Any CPU
		{7A773A05-1267-4955-9592-26B6A9626368}.Release|Any CPU.Build.0 = Release|Any CPU
		{343C4762-DCB0-41D5-BC8D-7ED7F3F07335}.Debug|Any CPU.ActiveCfg = Debug|Any CPU
		{343C4762-DCB0-41D5-BC8D-7ED7F3F07335}.Debug|Any CPU.Build.0 = Debug|Any CPU
		{343C4762-DCB0-41D5-BC8D-7ED7F3F07335}.Release|Any CPU.ActiveCfg = Release|Any CPU
		{343C4762-DCB0-41D5-BC8D-7ED7F3F07335}.Release|Any CPU.Build.0 = Release|Any CPU
		{ABD59B36-E9D7-42DC-B022-AAD0F586B237}.Debug|Any CPU.ActiveCfg = Debug|Any CPU
		{ABD59B36-E9D7-42DC-B022-AAD0F586B237}.Debug|Any CPU.Build.0 = Debug|Any CPU
		{ABD59B36-E9D7-42DC-B022-AAD0F586B237}.Release|Any CPU.ActiveCfg = Release|Any CPU
		{ABD59B36-E9D7-42DC-B022-AAD0F586B237}.Release|Any CPU.Build.0 = Release|Any CPU
		{8D0185CE-246A-4DDE-B373-659EE3F13559}.Debug|Any CPU.ActiveCfg = Debug|Any CPU
		{8D0185CE-246A-4DDE-B373-659EE3F13559}.Debug|Any CPU.Build.0 = Debug|Any CPU
		{8D0185CE-246A-4DDE-B373-659EE3F13559}.Release|Any CPU.ActiveCfg = Release|Any CPU
		{8D0185CE-246A-4DDE-B373-659EE3F13559}.Release|Any CPU.Build.0 = Release|Any CPU
		{83037E40-2B8F-49ED-936D-40959FCB01EF}.Debug|Any CPU.ActiveCfg = Debug|Any CPU
		{83037E40-2B8F-49ED-936D-40959FCB01EF}.Debug|Any CPU.Build.0 = Debug|Any CPU
		{83037E40-2B8F-49ED-936D-40959FCB01EF}.Release|Any CPU.ActiveCfg = Release|Any CPU
		{83037E40-2B8F-49ED-936D-40959FCB01EF}.Release|Any CPU.Build.0 = Release|Any CPU
		{306F2B43-EDE2-4E6D-B9A0-DDD088BFB859}.Debug|Any CPU.ActiveCfg = Debug|Any CPU
		{306F2B43-EDE2-4E6D-B9A0-DDD088BFB859}.Debug|Any CPU.Build.0 = Debug|Any CPU
		{306F2B43-EDE2-4E6D-B9A0-DDD088BFB859}.Release|Any CPU.ActiveCfg = Release|Any CPU
		{306F2B43-EDE2-4E6D-B9A0-DDD088BFB859}.Release|Any CPU.Build.0 = Release|Any CPU
		{6ECD03B6-4B5D-4E2B-9CC1-D6452A84B6CE}.Debug|Any CPU.ActiveCfg = Debug|Any CPU
		{6ECD03B6-4B5D-4E2B-9CC1-D6452A84B6CE}.Debug|Any CPU.Build.0 = Debug|Any CPU
		{6ECD03B6-4B5D-4E2B-9CC1-D6452A84B6CE}.Release|Any CPU.ActiveCfg = Release|Any CPU
		{6ECD03B6-4B5D-4E2B-9CC1-D6452A84B6CE}.Release|Any CPU.Build.0 = Release|Any CPU
		{38FC231F-590F-41BB-9232-266D401199DF}.Debug|Any CPU.ActiveCfg = Debug|Any CPU
		{38FC231F-590F-41BB-9232-266D401199DF}.Debug|Any CPU.Build.0 = Debug|Any CPU
		{38FC231F-590F-41BB-9232-266D401199DF}.Release|Any CPU.ActiveCfg = Release|Any CPU
		{38FC231F-590F-41BB-9232-266D401199DF}.Release|Any CPU.Build.0 = Release|Any CPU
		{5B9E3DED-CD73-42DB-9640-FDF7F5C5CC95}.Debug|Any CPU.ActiveCfg = Debug|Any CPU
		{5B9E3DED-CD73-42DB-9640-FDF7F5C5CC95}.Debug|Any CPU.Build.0 = Debug|Any CPU
		{5B9E3DED-CD73-42DB-9640-FDF7F5C5CC95}.Release|Any CPU.ActiveCfg = Release|Any CPU
		{5B9E3DED-CD73-42DB-9640-FDF7F5C5CC95}.Release|Any CPU.Build.0 = Release|Any CPU
		{C357EA85-928D-4BAC-9DBF-0F77ADCC4AB2}.Debug|Any CPU.ActiveCfg = Debug|Any CPU
		{C357EA85-928D-4BAC-9DBF-0F77ADCC4AB2}.Debug|Any CPU.Build.0 = Debug|Any CPU
		{C357EA85-928D-4BAC-9DBF-0F77ADCC4AB2}.Release|Any CPU.ActiveCfg = Release|Any CPU
		{C357EA85-928D-4BAC-9DBF-0F77ADCC4AB2}.Release|Any CPU.Build.0 = Release|Any CPU
		{FA241F18-AFDB-4C73-82F5-076C74149262}.Debug|Any CPU.ActiveCfg = Debug|Any CPU
		{FA241F18-AFDB-4C73-82F5-076C74149262}.Debug|Any CPU.Build.0 = Debug|Any CPU
		{FA241F18-AFDB-4C73-82F5-076C74149262}.Release|Any CPU.ActiveCfg = Release|Any CPU
		{FA241F18-AFDB-4C73-82F5-076C74149262}.Release|Any CPU.Build.0 = Release|Any CPU
	EndGlobalSection
	GlobalSection(SolutionProperties) = preSolution
		HideSolutionNode = FALSE
	EndGlobalSection
	GlobalSection(NestedProjects) = preSolution
		{6F09FA2A-5F6F-40A1-B71E-506C3DC4007C} = {3CAB83EB-DBE6-4C10-8872-728E2D1854F2}
		{75E39E05-7C80-440E-9CEF-180EB718A287} = {3CAB83EB-DBE6-4C10-8872-728E2D1854F2}
		{D606582C-A938-44E7-8FD9-2C444B18D62E} = {3CAB83EB-DBE6-4C10-8872-728E2D1854F2}
		{9E911AEA-4A19-4BF7-9DCB-B754C69C9FB7} = {3CAB83EB-DBE6-4C10-8872-728E2D1854F2}
		{C0FBDDCE-43C8-4683-9000-E0814EC42C68} = {55EBF26B-936F-4600-9906-F14BE6B69758}
		{FEBE70DD-C214-4CA7-B98D-46839682CE31} = {55EBF26B-936F-4600-9906-F14BE6B69758}
		{3E477152-A273-412B-A3EF-09D9B43B27DA} = {03CC0427-0558-4699-90AB-3999C968D130}
		{4927D9EC-2745-47FA-AD71-F5C998B5BF65} = {03CC0427-0558-4699-90AB-3999C968D130}
		{988838E4-963E-4A94-8D0C-245A84C3D992} = {03CC0427-0558-4699-90AB-3999C968D130}
		{B517C648-15A5-4754-BB98-75A105194782} = {03CC0427-0558-4699-90AB-3999C968D130}
		{3F86B4A2-622C-4F1D-B747-2720EB59784E} = {2EDF0074-4143-46C2-983A-A1015DE29A7B}
		{73DBAC43-A82F-48B8-A969-DE65EA10A44E} = {2EDF0074-4143-46C2-983A-A1015DE29A7B}
		{CA6AF451-529E-4CEF-8A28-AB49B146EE9A} = {2EDF0074-4143-46C2-983A-A1015DE29A7B}
		{725E4644-7E49-495E-8752-E02E91812C1F} = {2EDF0074-4143-46C2-983A-A1015DE29A7B}
		{6FFAB0B9-EF25-4455-ACF6-58D9F4ADF561} = {1D386BB2-BA88-4A78-9BCA-D9CBCDA4DCDD}
		{966A0FDE-2365-45F9-96A4-3D80AC93CC7D} = {1D386BB2-BA88-4A78-9BCA-D9CBCDA4DCDD}
		{330D7EC4-1456-461C-A018-34227EAE0083} = {1D386BB2-BA88-4A78-9BCA-D9CBCDA4DCDD}
		{175F472C-9E6C-417E-B2E6-1F6E67D18F09} = {1D386BB2-BA88-4A78-9BCA-D9CBCDA4DCDD}
		{386BADE5-02DF-466C-B647-ED1381B56371} = {CC45B695-D510-4E1B-9110-65CADC1FF72B}
		{C9B447D0-CCD5-4C6A-A71B-0953A87679E8} = {FD355389-C212-4F90-B8C8-9181584F84C4}
		{594CC00D-2DE0-48A8-ACFC-AE42299917D7} = {FD355389-C212-4F90-B8C8-9181584F84C4}
		{A2BC0D52-4F19-497C-87CE-F7564BCC58C5} = {FD355389-C212-4F90-B8C8-9181584F84C4}
		{55EBF26B-936F-4600-9906-F14BE6B69758} = {59AB7CDD-12A8-47B7-BF9F-0D8715524E8D}
		{03CC0427-0558-4699-90AB-3999C968D130} = {59AB7CDD-12A8-47B7-BF9F-0D8715524E8D}
		{2EDF0074-4143-46C2-983A-A1015DE29A7B} = {59AB7CDD-12A8-47B7-BF9F-0D8715524E8D}
		{1D386BB2-BA88-4A78-9BCA-D9CBCDA4DCDD} = {59AB7CDD-12A8-47B7-BF9F-0D8715524E8D}
		{3CAB83EB-DBE6-4C10-8872-728E2D1854F2} = {59AB7CDD-12A8-47B7-BF9F-0D8715524E8D}
		{23AF2DC6-FF94-4C19-9C05-0C15A72527F4} = {59AB7CDD-12A8-47B7-BF9F-0D8715524E8D}
		{086945C6-37A0-41CC-988A-87D8532BDD2B} = {59AB7CDD-12A8-47B7-BF9F-0D8715524E8D}
		{1FEAD0D2-F2EA-4383-A04A-4EBC6CED17B2} = {086945C6-37A0-41CC-988A-87D8532BDD2B}
		{24FDCB29-000D-4A25-9A6F-7CE9B117E11D} = {086945C6-37A0-41CC-988A-87D8532BDD2B}
		{9BCE1B71-B817-4B2A-9E47-1279777BF71B} = {086945C6-37A0-41CC-988A-87D8532BDD2B}
		{6B069FBA-9F1D-4F36-80B7-DF30CCA3B903} = {086945C6-37A0-41CC-988A-87D8532BDD2B}
		{A8E0C5F4-809F-4C43-B164-B4FA78FB2A70} = {59AB7CDD-12A8-47B7-BF9F-0D8715524E8D}
		{3F43F35D-DD69-4E33-B71F-BB919750BF03} = {A8E0C5F4-809F-4C43-B164-B4FA78FB2A70}
		{EF4B2E04-FACD-4D2E-B377-518A5C1DF0FF} = {A8E0C5F4-809F-4C43-B164-B4FA78FB2A70}
		{251DE302-FDD4-4D67-A4B9-1F46442B7D7E} = {A8E0C5F4-809F-4C43-B164-B4FA78FB2A70}
		{5FF03B88-73BF-469D-A900-EE4037E65AFC} = {A8E0C5F4-809F-4C43-B164-B4FA78FB2A70}
		{E3A8775D-B86B-4A65-BC75-5D7C51DA1C92} = {23AF2DC6-FF94-4C19-9C05-0C15A72527F4}
		{A62E8A7C-5F74-4622-88A6-B8C8C64D3856} = {CC45B695-D510-4E1B-9110-65CADC1FF72B}
		{200693AE-03DC-4A66-A62F-60F68B7D5982} = {CC45B695-D510-4E1B-9110-65CADC1FF72B}
		{8EB5D0F4-295D-4558-A968-36D0C152E120} = {59AB7CDD-12A8-47B7-BF9F-0D8715524E8D}
		{7A773A05-1267-4955-9592-26B6A9626368} = {8EB5D0F4-295D-4558-A968-36D0C152E120}
		{343C4762-DCB0-41D5-BC8D-7ED7F3F07335} = {8EB5D0F4-295D-4558-A968-36D0C152E120}
		{ABD59B36-E9D7-42DC-B022-AAD0F586B237} = {8EB5D0F4-295D-4558-A968-36D0C152E120}
		{42D46D95-9C10-40F2-823E-BB0D470D4C40} = {59AB7CDD-12A8-47B7-BF9F-0D8715524E8D}
		{8D0185CE-246A-4DDE-B373-659EE3F13559} = {42D46D95-9C10-40F2-823E-BB0D470D4C40}
		{83037E40-2B8F-49ED-936D-40959FCB01EF} = {42D46D95-9C10-40F2-823E-BB0D470D4C40}
		{306F2B43-EDE2-4E6D-B9A0-DDD088BFB859} = {42D46D95-9C10-40F2-823E-BB0D470D4C40}
		{6ECD03B6-4B5D-4E2B-9CC1-D6452A84B6CE} = {42D46D95-9C10-40F2-823E-BB0D470D4C40}
		{38FC231F-590F-41BB-9232-266D401199DF} = {CC45B695-D510-4E1B-9110-65CADC1FF72B}
		{5B9E3DED-CD73-42DB-9640-FDF7F5C5CC95} = {23AF2DC6-FF94-4C19-9C05-0C15A72527F4}
		{C357EA85-928D-4BAC-9DBF-0F77ADCC4AB2} = {23AF2DC6-FF94-4C19-9C05-0C15A72527F4}
		{694E4292-D815-4D3E-9067-07A757A01546} = {CC45B695-D510-4E1B-9110-65CADC1FF72B}
		{980F4AB8-CB89-4832-AF05-4DD12206F228} = {59AB7CDD-12A8-47B7-BF9F-0D8715524E8D}
		{FA241F18-AFDB-4C73-82F5-076C74149262} = {980F4AB8-CB89-4832-AF05-4DD12206F228}
	EndGlobalSection
	GlobalSection(ExtensibilityGlobals) = postSolution
		SolutionGuid = {CB3588D6-25DC-4A30-8FCB-9591CAC29D40}
	EndGlobalSection
EndGlobal
